
Microsoft Visual Studio Solution File, Format Version 12.00
# Visual Studio 15
VisualStudioVersion = 15.0.27703.2000
MinimumVisualStudioVersion = 10.0.40219.1
Project("{FAE04EC0-301F-11D3-BF4B-00C04F79EFBC}") = "ChassisChecker", "ChassisChecker\ChassisChecker.csproj", "{6EDB0906-09E5-4526-AD57-DB7168CA90CE}"
EndProject
Global
	GlobalSection(SolutionConfigurationPlatforms) = preSolution
		Debug|Any CPU = Debug|Any CPU
		Release|Any CPU = Release|Any CPU
	EndGlobalSection
	GlobalSection(ProjectConfigurationPlatforms) = postSolution
		{6EDB0906-09E5-4526-AD57-DB7168CA90CE}.Debug|Any CPU.ActiveCfg = Debug|Any CPU
		{6EDB0906-09E5-4526-AD57-DB7168CA90CE}.Debug|Any CPU.Build.0 = Debug|Any CPU
		{6EDB0906-09E5-4526-AD57-DB7168CA90CE}.Release|Any CPU.ActiveCfg = Release|Any CPU
		{6EDB0906-09E5-4526-AD57-DB7168CA90CE}.Release|Any CPU.Build.0 = Release|Any CPU
	EndGlobalSection
	GlobalSection(SolutionProperties) = preSolution
		HideSolutionNode = FALSE
	EndGlobalSection
	GlobalSection(ExtensibilityGlobals) = postSolution
		SolutionGuid = {5AFA52CC-407F-45CE-9380-EDD0EDED80BB}
	EndGlobalSection
EndGlobal
